
Microsoft Visual Studio Solution File, Format Version 12.00
# Visual Studio Version 16
VisualStudioVersion = 16.0.30406.217
MinimumVisualStudioVersion = 10.0.40219.1
Project("{FAE04EC0-301F-11D3-BF4B-00C04F79EFBC}") = "AllPossibleSubstrings", "AllPossibleSubstrings.csproj", "{3CF31032-24A6-452E-B421-D4F25E8BBF46}"
EndProject
Global
	GlobalSection(SolutionConfigurationPlatforms) = preSolution
		Debug|Any CPU = Debug|Any CPU
		Release|Any CPU = Release|Any CPU
	EndGlobalSection
	GlobalSection(ProjectConfigurationPlatforms) = postSolution
		{3CF31032-24A6-452E-B421-D4F25E8BBF46}.Debug|Any CPU.ActiveCfg = Debug|Any CPU
		{3CF31032-24A6-452E-B421-D4F25E8BBF46}.Debug|Any CPU.Build.0 = Debug|Any CPU
		{3CF31032-24A6-452E-B421-D4F25E8BBF46}.Release|Any CPU.ActiveCfg = Release|Any CPU
		{3CF31032-24A6-452E-B421-D4F25E8BBF46}.Release|Any CPU.Build.0 = Release|Any CPU
	EndGlobalSection
	GlobalSection(SolutionProperties) = preSolution
		HideSolutionNode = FALSE
	EndGlobalSection
	GlobalSection(ExtensibilityGlobals) = postSolution
		SolutionGuid = {3C30222B-8D85-44F5-91D3-B66A5DBF3FE5}
	EndGlobalSection
EndGlobal
